
Microsoft Visual Studio Solution File, Format Version 12.00
# Visual Studio 15
VisualStudioVersion = 15.0.28307.645
MinimumVisualStudioVersion = 10.0.40219.1
Project("{FAE04EC0-301F-11D3-BF4B-00C04F79EFBC}") = "GESTIONBAR", "GESTIONBAR\GESTIONBAR.csproj", "{56B576CE-5CC0-4B8D-845A-9165D85AF767}"
EndProject
Global
	GlobalSection(SolutionConfigurationPlatforms) = preSolution
		Debug|Any CPU = Debug|Any CPU
		Release|Any CPU = Release|Any CPU
	EndGlobalSection
	GlobalSection(ProjectConfigurationPlatforms) = postSolution
		{56B576CE-5CC0-4B8D-845A-9165D85AF767}.Debug|Any CPU.ActiveCfg = Debug|Any CPU
		{56B576CE-5CC0-4B8D-845A-9165D85AF767}.Debug|Any CPU.Build.0 = Debug|Any CPU
		{56B576CE-5CC0-4B8D-845A-9165D85AF767}.Release|Any CPU.ActiveCfg = Release|Any CPU
		{56B576CE-5CC0-4B8D-845A-9165D85AF767}.Release|Any CPU.Build.0 = Release|Any CPU
	EndGlobalSection
	GlobalSection(SolutionProperties) = preSolution
		HideSolutionNode = FALSE
	EndGlobalSection
	GlobalSection(ExtensibilityGlobals) = postSolution
		SolutionGuid = {9B7135AE-A0B3-48A7-8F14-D0433F561569}
	EndGlobalSection
EndGlobal
